// !$*UTF8*$!
{
	archiveVersion = 1;
	classes = {
	};
	objectVersion = 50;
	objects = {

/* Begin PBXBuildFile section */
		09013D0B2500014400E2170C /* Airport.swift in Sources */ = {isa = PBXBuildFile; fileRef = 09013D0A2500014400E2170C /* Airport.swift */; };
		09FB32EA24F7A85C007D86D3 /* AppDelegate.swift in Sources */ = {isa = PBXBuildFile; fileRef = 09FB32E924F7A85C007D86D3 /* AppDelegate.swift */; };
		09FB32EC24F7A85C007D86D3 /* SceneDelegate.swift in Sources */ = {isa = PBXBuildFile; fileRef = 09FB32EB24F7A85C007D86D3 /* SceneDelegate.swift */; };
		09FB32EF24F7A85C007D86D3 /* Enroute.xcdatamodeld in Sources */ = {isa = PBXBuildFile; fileRef = 09FB32ED24F7A85C007D86D3 /* Enroute.xcdatamodeld */; };
		09FB32F124F7A85C007D86D3 /* ContentView.swift in Sources */ = {isa = PBXBuildFile; fileRef = 09FB32F024F7A85C007D86D3 /* ContentView.swift */; };
		09FB32F324F7A861007D86D3 /* Assets.xcassets in Resources */ = {isa = PBXBuildFile; fileRef = 09FB32F224F7A861007D86D3 /* Assets.xcassets */; };
		09FB32F624F7A861007D86D3 /* Preview Assets.xcassets in Resources */ = {isa = PBXBuildFile; fileRef = 09FB32F524F7A861007D86D3 /* Preview Assets.xcassets */; };
		09FB32F924F7A861007D86D3 /* LaunchScreen.storyboard in Resources */ = {isa = PBXBuildFile; fileRef = 09FB32F724F7A861007D86D3 /* LaunchScreen.storyboard */; };
		09FB330524F7FFF9007D86D3 /* FlightSimulationData.swift in Sources */ = {isa = PBXBuildFile; fileRef = 09FB330424F7FFF9007D86D3 /* FlightSimulationData.swift */; };
		09FB330824F8006E007D86D3 /* FoundationExtensions.swift in Sources */ = {isa = PBXBuildFile; fileRef = 09FB330724F8006E007D86D3 /* FoundationExtensions.swift */; };
		09FB330A24F800A2007D86D3 /* FlightAwareRequest.swift in Sources */ = {isa = PBXBuildFile; fileRef = 09FB330924F800A2007D86D3 /* FlightAwareRequest.swift */; };
		09FB330C24F80115007D86D3 /* FAFlight.swift in Sources */ = {isa = PBXBuildFile; fileRef = 09FB330B24F80115007D86D3 /* FAFlight.swift */; };
		09FB330E24F8017E007D86D3 /* FlightAware+Enroute.swift in Sources */ = {isa = PBXBuildFile; fileRef = 09FB330D24F8017E007D86D3 /* FlightAware+Enroute.swift */; };
		09FB331024F801B0007D86D3 /* FlightAware+AirlineInfo.swift in Sources */ = {isa = PBXBuildFile; fileRef = 09FB330F24F801B0007D86D3 /* FlightAware+AirlineInfo.swift */; };
		09FB331224F801FB007D86D3 /* FlightAware+AirportInfo.swift in Sources */ = {isa = PBXBuildFile; fileRef = 09FB331124F801FB007D86D3 /* FlightAware+AirportInfo.swift */; };
		09FB331424F8021B007D86D3 /* FlightSearch.swift in Sources */ = {isa = PBXBuildFile; fileRef = 09FB331324F8021B007D86D3 /* FlightSearch.swift */; };
		09FB331624F80266007D86D3 /* FlightFetcher.swift in Sources */ = {isa = PBXBuildFile; fileRef = 09FB331524F80266007D86D3 /* FlightFetcher.swift */; };
		09FB331824F80299007D86D3 /* Airports.swift in Sources */ = {isa = PBXBuildFile; fileRef = 09FB331724F80298007D86D3 /* Airports.swift */; };
		09FB331A24F802BA007D86D3 /* Airlines.swift in Sources */ = {isa = PBXBuildFile; fileRef = 09FB331924F802BA007D86D3 /* Airlines.swift */; };
		09FB331C24F802F7007D86D3 /* FlightsEnrouteView.swift in Sources */ = {isa = PBXBuildFile; fileRef = 09FB331B24F802F7007D86D3 /* FlightsEnrouteView.swift */; };
		09FB331E24F80326007D86D3 /* FilterFlights.swift in Sources */ = {isa = PBXBuildFile; fileRef = 09FB331D24F80326007D86D3 /* FilterFlights.swift */; };
		09FB332024F8034E007D86D3 /* FlightList.swift in Sources */ = {isa = PBXBuildFile; fileRef = 09FB331F24F8034E007D86D3 /* FlightList.swift */; };
		09FB332224F80375007D86D3 /* FlightListEntry.swift in Sources */ = {isa = PBXBuildFile; fileRef = 09FB332124F80375007D86D3 /* FlightListEntry.swift */; };
/* End PBXBuildFile section */

/* Begin PBXFileReference section */
		09013D0A2500014400E2170C /* Airport.swift */ = {isa = PBXFileReference; lastKnownFileType = sourcecode.swift; path = Airport.swift; sourceTree = "<group>"; };
		09FB32E624F7A85C007D86D3 /* Enroute.app */ = {isa = PBXFileReference; explicitFileType = wrapper.application; includeInIndex = 0; path = Enroute.app; sourceTree = BUILT_PRODUCTS_DIR; };
		09FB32E924F7A85C007D86D3 /* AppDelegate.swift */ = {isa = PBXFileReference; lastKnownFileType = sourcecode.swift; path = AppDelegate.swift; sourceTree = "<group>"; };
		09FB32EB24F7A85C007D86D3 /* SceneDelegate.swift */ = {isa = PBXFileReference; lastKnownFileType = sourcecode.swift; path = SceneDelegate.swift; sourceTree = "<group>"; };
		09FB32EE24F7A85C007D86D3 /* Enroute.xcdatamodel */ = {isa = PBXFileReference; lastKnownFileType = wrapper.xcdatamodel; path = Enroute.xcdatamodel; sourceTree = "<group>"; };
		09FB32F024F7A85C007D86D3 /* ContentView.swift */ = {isa = PBXFileReference; lastKnownFileType = sourcecode.swift; path = ContentView.swift; sourceTree = "<group>"; };
		09FB32F224F7A861007D86D3 /* Assets.xcassets */ = {isa = PBXFileReference; lastKnownFileType = folder.assetcatalog; path = Assets.xcassets; sourceTree = "<group>"; };
		09FB32F524F7A861007D86D3 /* Preview Assets.xcassets */ = {isa = PBXFileReference; lastKnownFileType = folder.assetcatalog; path = "Preview Assets.xcassets"; sourceTree = "<group>"; };
		09FB32F824F7A861007D86D3 /* Base */ = {isa = PBXFileReference; lastKnownFileType = file.storyboard; name = Base; path = Base.lproj/LaunchScreen.storyboard; sourceTree = "<group>"; };
		09FB32FA24F7A861007D86D3 /* Info.plist */ = {isa = PBXFileReference; lastKnownFileType = text.plist.xml; path = Info.plist; sourceTree = "<group>"; };
		09FB330424F7FFF9007D86D3 /* FlightSimulationData.swift */ = {isa = PBXFileReference; lastKnownFileType = sourcecode.swift; path = FlightSimulationData.swift; sourceTree = "<group>"; };
		09FB330724F8006E007D86D3 /* FoundationExtensions.swift */ = {isa = PBXFileReference; lastKnownFileType = sourcecode.swift; path = FoundationExtensions.swift; sourceTree = "<group>"; };
		09FB330924F800A2007D86D3 /* FlightAwareRequest.swift */ = {isa = PBXFileReference; lastKnownFileType = sourcecode.swift; path = FlightAwareRequest.swift; sourceTree = "<group>"; };
		09FB330B24F80115007D86D3 /* FAFlight.swift */ = {isa = PBXFileReference; lastKnownFileType = sourcecode.swift; path = FAFlight.swift; sourceTree = "<group>"; };
		09FB330D24F8017E007D86D3 /* FlightAware+Enroute.swift */ = {isa = PBXFileReference; lastKnownFileType = sourcecode.swift; path = "FlightAware+Enroute.swift"; sourceTree = "<group>"; };
		09FB330F24F801B0007D86D3 /* FlightAware+AirlineInfo.swift */ = {isa = PBXFileReference; lastKnownFileType = sourcecode.swift; path = "FlightAware+AirlineInfo.swift"; sourceTree = "<group>"; };
		09FB331124F801FB007D86D3 /* FlightAware+AirportInfo.swift */ = {isa = PBXFileReference; lastKnownFileType = sourcecode.swift; path = "FlightAware+AirportInfo.swift"; sourceTree = "<group>"; };
		09FB331324F8021B007D86D3 /* FlightSearch.swift */ = {isa = PBXFileReference; lastKnownFileType = sourcecode.swift; path = FlightSearch.swift; sourceTree = "<group>"; };
		09FB331524F80266007D86D3 /* FlightFetcher.swift */ = {isa = PBXFileReference; lastKnownFileType = sourcecode.swift; path = FlightFetcher.swift; sourceTree = "<group>"; };
		09FB331724F80298007D86D3 /* Airports.swift */ = {isa = PBXFileReference; lastKnownFileType = sourcecode.swift; path = Airports.swift; sourceTree = "<group>"; };
		09FB331924F802BA007D86D3 /* Airlines.swift */ = {isa = PBXFileReference; lastKnownFileType = sourcecode.swift; path = Airlines.swift; sourceTree = "<group>"; };
		09FB331B24F802F7007D86D3 /* FlightsEnrouteView.swift */ = {isa = PBXFileReference; lastKnownFileType = sourcecode.swift; path = FlightsEnrouteView.swift; sourceTree = "<group>"; };
		09FB331D24F80326007D86D3 /* FilterFlights.swift */ = {isa = PBXFileReference; lastKnownFileType = sourcecode.swift; path = FilterFlights.swift; sourceTree = "<group>"; };
		09FB331F24F8034E007D86D3 /* FlightList.swift */ = {isa = PBXFileReference; lastKnownFileType = sourcecode.swift; path = FlightList.swift; sourceTree = "<group>"; };
		09FB332124F80375007D86D3 /* FlightListEntry.swift */ = {isa = PBXFileReference; lastKnownFileType = sourcecode.swift; path = FlightListEntry.swift; sourceTree = "<group>"; };
/* End PBXFileReference section */

/* Begin PBXFrameworksBuildPhase section */
		09FB32E324F7A85C007D86D3 /* Frameworks */ = {
			isa = PBXFrameworksBuildPhase;
			buildActionMask = 2147483647;
			files = (
			);
			runOnlyForDeploymentPostprocessing = 0;
		};
/* End PBXFrameworksBuildPhase section */

/* Begin PBXGroup section */
		09FB32DD24F7A85C007D86D3 = {
			isa = PBXGroup;
			children = (
				09FB32E824F7A85C007D86D3 /* Enroute */,
				09FB32E724F7A85C007D86D3 /* Products */,
			);
			sourceTree = "<group>";
		};
		09FB32E724F7A85C007D86D3 /* Products */ = {
			isa = PBXGroup;
			children = (
				09FB32E624F7A85C007D86D3 /* Enroute.app */,
			);
			name = Products;
			sourceTree = "<group>";
		};
		09FB32E824F7A85C007D86D3 /* Enroute */ = {
			isa = PBXGroup;
			children = (
				09FB32F224F7A861007D86D3 /* Assets.xcassets */,
				09FB32FA24F7A861007D86D3 /* Info.plist */,
				09FB330024F7CB29007D86D3 /* Data */,
				09FB330124F7CB34007D86D3 /* Model */,
				09FB330224F7CB3D007D86D3 /* ViewModel */,
				09FB330324F7CB4F007D86D3 /* View */,
				09FB32E924F7A85C007D86D3 /* AppDelegate.swift */,
				09FB32EB24F7A85C007D86D3 /* SceneDelegate.swift */,
				09FB32F024F7A85C007D86D3 /* ContentView.swift */,
				09FB32F724F7A861007D86D3 /* LaunchScreen.storyboard */,
				09FB32F424F7A861007D86D3 /* Preview Content */,
			);
			path = Enroute;
			sourceTree = "<group>";
		};
		09FB32F424F7A861007D86D3 /* Preview Content */ = {
			isa = PBXGroup;
			children = (
				09FB32F524F7A861007D86D3 /* Preview Assets.xcassets */,
			);
			path = "Preview Content";
			sourceTree = "<group>";
		};
		09FB330024F7CB29007D86D3 /* Data */ = {
			isa = PBXGroup;
			children = (
				09FB32ED24F7A85C007D86D3 /* Enroute.xcdatamodeld */,
				09FB330424F7FFF9007D86D3 /* FlightSimulationData.swift */,
			);
			path = Data;
			sourceTree = "<group>";
		};
		09FB330124F7CB34007D86D3 /* Model */ = {
			isa = PBXGroup;
			children = (
				09FB330624F8003C007D86D3 /* Extensions */,
				09FB330924F800A2007D86D3 /* FlightAwareRequest.swift */,
				09FB330B24F80115007D86D3 /* FAFlight.swift */,
				09FB330D24F8017E007D86D3 /* FlightAware+Enroute.swift */,
				09FB330F24F801B0007D86D3 /* FlightAware+AirlineInfo.swift */,
				09FB331124F801FB007D86D3 /* FlightAware+AirportInfo.swift */,
				09FB331324F8021B007D86D3 /* FlightSearch.swift */,
			);
			path = Model;
			sourceTree = "<group>";
		};
		09FB330224F7CB3D007D86D3 /* ViewModel */ = {
			isa = PBXGroup;
			children = (
				09FB331524F80266007D86D3 /* FlightFetcher.swift */,
				09FB331724F80298007D86D3 /* Airports.swift */,
				09FB331924F802BA007D86D3 /* Airlines.swift */,
			);
			path = ViewModel;
			sourceTree = "<group>";
		};
		09FB330324F7CB4F007D86D3 /* View */ = {
			isa = PBXGroup;
			children = (
				09FB331B24F802F7007D86D3 /* FlightsEnrouteView.swift */,
				09FB331D24F80326007D86D3 /* FilterFlights.swift */,
				09FB331F24F8034E007D86D3 /* FlightList.swift */,
				09FB332124F80375007D86D3 /* FlightListEntry.swift */,
			);
			path = View;
			sourceTree = "<group>";
		};
		09FB330624F8003C007D86D3 /* Extensions */ = {
			isa = PBXGroup;
			children = (
				09013D0A2500014400E2170C /* Airport.swift */,
				09FB330724F8006E007D86D3 /* FoundationExtensions.swift */,
			);
			path = Extensions;
			sourceTree = "<group>";
		};
/* End PBXGroup section */

/* Begin PBXNativeTarget section */
		09FB32E524F7A85C007D86D3 /* Enroute */ = {
			isa = PBXNativeTarget;
			buildConfigurationList = 09FB32FD24F7A861007D86D3 /* Build configuration list for PBXNativeTarget "Enroute" */;
			buildPhases = (
				09FB32E224F7A85C007D86D3 /* Sources */,
				09FB32E324F7A85C007D86D3 /* Frameworks */,
				09FB32E424F7A85C007D86D3 /* Resources */,
			);
			buildRules = (
			);
			dependencies = (
			);
			name = Enroute;
			productName = Enroute;
			productReference = 09FB32E624F7A85C007D86D3 /* Enroute.app */;
			productType = "com.apple.product-type.application";
		};
/* End PBXNativeTarget section */

/* Begin PBXProject section */
		09FB32DE24F7A85C007D86D3 /* Project object */ = {
			isa = PBXProject;
			attributes = {
				LastSwiftUpdateCheck = 1160;
				LastUpgradeCheck = 1160;
				ORGANIZATIONNAME = nicefiction;
				TargetAttributes = {
					09FB32E524F7A85C007D86D3 = {
						CreatedOnToolsVersion = 11.6;
					};
				};
			};
			buildConfigurationList = 09FB32E124F7A85C007D86D3 /* Build configuration list for PBXProject "Enroute" */;
			compatibilityVersion = "Xcode 9.3";
			developmentRegion = en;
			hasScannedForEncodings = 0;
			knownRegions = (
				en,
				Base,
			);
			mainGroup = 09FB32DD24F7A85C007D86D3;
			productRefGroup = 09FB32E724F7A85C007D86D3 /* Products */;
			projectDirPath = "";
			projectRoot = "";
			targets = (
				09FB32E524F7A85C007D86D3 /* Enroute */,
			);
		};
/* End PBXProject section */

/* Begin PBXResourcesBuildPhase section */
		09FB32E424F7A85C007D86D3 /* Resources */ = {
			isa = PBXResourcesBuildPhase;
			buildActionMask = 2147483647;
			files = (
				09FB32F924F7A861007D86D3 /* LaunchScreen.storyboard in Resources */,
				09FB32F624F7A861007D86D3 /* Preview Assets.xcassets in Resources */,
				09FB32F324F7A861007D86D3 /* Assets.xcassets in Resources */,
			);
			runOnlyForDeploymentPostprocessing = 0;
		};
/* End PBXResourcesBuildPhase section */

/* Begin PBXSourcesBuildPhase section */
		09FB32E224F7A85C007D86D3 /* Sources */ = {
			isa = PBXSourcesBuildPhase;
			buildActionMask = 2147483647;
			files = (
				09FB331E24F80326007D86D3 /* FilterFlights.swift in Sources */,
				09FB331624F80266007D86D3 /* FlightFetcher.swift in Sources */,
				09FB331C24F802F7007D86D3 /* FlightsEnrouteView.swift in Sources */,
				09FB32EF24F7A85C007D86D3 /* Enroute.xcdatamodeld in Sources */,
				09FB331424F8021B007D86D3 /* FlightSearch.swift in Sources */,
				09013D0B2500014400E2170C /* Airport.swift in Sources */,
				09FB330A24F800A2007D86D3 /* FlightAwareRequest.swift in Sources */,
				09FB332224F80375007D86D3 /* FlightListEntry.swift in Sources */,
				09FB32EA24F7A85C007D86D3 /* AppDelegate.swift in Sources */,
				09FB331024F801B0007D86D3 /* FlightAware+AirlineInfo.swift in Sources */,
				09FB330824F8006E007D86D3 /* FoundationExtensions.swift in Sources */,
				09FB331824F80299007D86D3 /* Airports.swift in Sources */,
				09FB32F124F7A85C007D86D3 /* ContentView.swift in Sources */,
				09FB330E24F8017E007D86D3 /* FlightAware+Enroute.swift in Sources */,
				09FB32EC24F7A85C007D86D3 /* SceneDelegate.swift in Sources */,
				09FB330C24F80115007D86D3 /* FAFlight.swift in Sources */,
				09FB331A24F802BA007D86D3 /* Airlines.swift in Sources */,
				09FB330524F7FFF9007D86D3 /* FlightSimulationData.swift in Sources */,
				09FB331224F801FB007D86D3 /* FlightAware+AirportInfo.swift in Sources */,
				09FB332024F8034E007D86D3 /* FlightList.swift in Sources */,
			);
			runOnlyForDeploymentPostprocessing = 0;
		};
/* End PBXSourcesBuildPhase section */

/* Begin PBXVariantGroup section */
		09FB32F724F7A861007D86D3 /* LaunchScreen.storyboard */ = {
			isa = PBXVariantGroup;
			children = (
				09FB32F824F7A861007D86D3 /* Base */,
			);
			name = LaunchScreen.storyboard;
			sourceTree = "<group>";
		};
/* End PBXVariantGroup section */

/* Begin XCBuildConfiguration section */
		09FB32FB24F7A861007D86D3 /* Debug */ = {
			isa = XCBuildConfiguration;
			buildSettings = {
				ALWAYS_SEARCH_USER_PATHS = NO;
				CLANG_ANALYZER_NONNULL = YES;
				CLANG_ANALYZER_NUMBER_OBJECT_CONVERSION = YES_AGGRESSIVE;
				CLANG_CXX_LANGUAGE_STANDARD = "gnu++14";
				CLANG_CXX_LIBRARY = "libc++";
				CLANG_ENABLE_MODULES = YES;
				CLANG_ENABLE_OBJC_ARC = YES;
				CLANG_ENABLE_OBJC_WEAK = YES;
				CLANG_WARN_BLOCK_CAPTURE_AUTORELEASING = YES;
				CLANG_WARN_BOOL_CONVERSION = YES;
				CLANG_WARN_COMMA = YES;
				CLANG_WARN_CONSTANT_CONVERSION = YES;
				CLANG_WARN_DEPRECATED_OBJC_IMPLEMENTATIONS = YES;
				CLANG_WARN_DIRECT_OBJC_ISA_USAGE = YES_ERROR;
				CLANG_WARN_DOCUMENTATION_COMMENTS = YES;
				CLANG_WARN_EMPTY_BODY = YES;
				CLANG_WARN_ENUM_CONVERSION = YES;
				CLANG_WARN_INFINITE_RECURSION = YES;
				CLANG_WARN_INT_CONVERSION = YES;
				CLANG_WARN_NON_LITERAL_NULL_CONVERSION = YES;
				CLANG_WARN_OBJC_IMPLICIT_RETAIN_SELF = YES;
				CLANG_WARN_OBJC_LITERAL_CONVERSION = YES;
				CLANG_WARN_OBJC_ROOT_CLASS = YES_ERROR;
				CLANG_WARN_RANGE_LOOP_ANALYSIS = YES;
				CLANG_WARN_STRICT_PROTOTYPES = YES;
				CLANG_WARN_SUSPICIOUS_MOVE = YES;
				CLANG_WARN_UNGUARDED_AVAILABILITY = YES_AGGRESSIVE;
				CLANG_WARN_UNREACHABLE_CODE = YES;
				CLANG_WARN__DUPLICATE_METHOD_MATCH = YES;
				COPY_PHASE_STRIP = NO;
				DEBUG_INFORMATION_FORMAT = dwarf;
				ENABLE_STRICT_OBJC_MSGSEND = YES;
				ENABLE_TESTABILITY = YES;
				GCC_C_LANGUAGE_STANDARD = gnu11;
				GCC_DYNAMIC_NO_PIC = NO;
				GCC_NO_COMMON_BLOCKS = YES;
				GCC_OPTIMIZATION_LEVEL = 0;
				GCC_PREPROCESSOR_DEFINITIONS = (
					"DEBUG=1",
					"$(inherited)",
				);
				GCC_WARN_64_TO_32_BIT_CONVERSION = YES;
				GCC_WARN_ABOUT_RETURN_TYPE = YES_ERROR;
				GCC_WARN_UNDECLARED_SELECTOR = YES;
				GCC_WARN_UNINITIALIZED_AUTOS = YES_AGGRESSIVE;
				GCC_WARN_UNUSED_FUNCTION = YES;
				GCC_WARN_UNUSED_VARIABLE = YES;
				IPHONEOS_DEPLOYMENT_TARGET = 13.6;
				MTL_ENABLE_DEBUG_INFO = INCLUDE_SOURCE;
				MTL_FAST_MATH = YES;
				ONLY_ACTIVE_ARCH = YES;
				SDKROOT = iphoneos;
				SWIFT_ACTIVE_COMPILATION_CONDITIONS = DEBUG;
				SWIFT_OPTIMIZATION_LEVEL = "-Onone";
			};
			name = Debug;
		};
		09FB32FC24F7A861007D86D3 /* Release */ = {
			isa = XCBuildConfiguration;
			buildSettings = {
				ALWAYS_SEARCH_USER_PATHS = NO;
				CLANG_ANALYZER_NONNULL = YES;
				CLANG_ANALYZER_NUMBER_OBJECT_CONVERSION = YES_AGGRESSIVE;
				CLANG_CXX_LANGUAGE_STANDARD = "gnu++14";
				CLANG_CXX_LIBRARY = "libc++";
				CLANG_ENABLE_MODULES = YES;
				CLANG_ENABLE_OBJC_ARC = YES;
				CLANG_ENABLE_OBJC_WEAK = YES;
				CLANG_WARN_BLOCK_CAPTURE_AUTORELEASING = YES;
				CLANG_WARN_BOOL_CONVERSION = YES;
				CLANG_WARN_COMMA = YES;
				CLANG_WARN_CONSTANT_CONVERSION = YES;
				CLANG_WARN_DEPRECATED_OBJC_IMPLEMENTATIONS = YES;
				CLANG_WARN_DIRECT_OBJC_ISA_USAGE = YES_ERROR;
				CLANG_WARN_DOCUMENTATION_COMMENTS = YES;
				CLANG_WARN_EMPTY_BODY = YES;
				CLANG_WARN_ENUM_CONVERSION = YES;
				CLANG_WARN_INFINITE_RECURSION = YES;
				CLANG_WARN_INT_CONVERSION = YES;
				CLANG_WARN_NON_LITERAL_NULL_CONVERSION = YES;
				CLANG_WARN_OBJC_IMPLICIT_RETAIN_SELF = YES;
				CLANG_WARN_OBJC_LITERAL_CONVERSION = YES;
				CLANG_WARN_OBJC_ROOT_CLASS = YES_ERROR;
				CLANG_WARN_RANGE_LOOP_ANALYSIS = YES;
				CLANG_WARN_STRICT_PROTOTYPES = YES;
				CLANG_WARN_SUSPICIOUS_MOVE = YES;
				CLANG_WARN_UNGUARDED_AVAILABILITY = YES_AGGRESSIVE;
				CLANG_WARN_UNREACHABLE_CODE = YES;
				CLANG_WARN__DUPLICATE_METHOD_MATCH = YES;
				COPY_PHASE_STRIP = NO;
				DEBUG_INFORMATION_FORMAT = "dwarf-with-dsym";
				ENABLE_NS_ASSERTIONS = NO;
				ENABLE_STRICT_OBJC_MSGSEND = YES;
				GCC_C_LANGUAGE_STANDARD = gnu11;
				GCC_NO_COMMON_BLOCKS = YES;
				GCC_WARN_64_TO_32_BIT_CONVERSION = YES;
				GCC_WARN_ABOUT_RETURN_TYPE = YES_ERROR;
				GCC_WARN_UNDECLARED_SELECTOR = YES;
				GCC_WARN_UNINITIALIZED_AUTOS = YES_AGGRESSIVE;
				GCC_WARN_UNUSED_FUNCTION = YES;
				GCC_WARN_UNUSED_VARIABLE = YES;
				IPHONEOS_DEPLOYMENT_TARGET = 13.6;
				MTL_ENABLE_DEBUG_INFO = NO;
				MTL_FAST_MATH = YES;
				SDKROOT = iphoneos;
				SWIFT_COMPILATION_MODE = wholemodule;
				SWIFT_OPTIMIZATION_LEVEL = "-O";
				VALIDATE_PRODUCT = YES;
			};
			name = Release;
		};
		09FB32FE24F7A861007D86D3 /* Debug */ = {
			isa = XCBuildConfiguration;
			buildSettings = {
				ASSETCATALOG_COMPILER_APPICON_NAME = AppIcon;
				CODE_SIGN_STYLE = Automatic;
				DEVELOPMENT_ASSET_PATHS = "\"Enroute/Preview Content\"";
				DEVELOPMENT_TEAM = PKTBX2CYQK;
				ENABLE_PREVIEWS = YES;
				INFOPLIST_FILE = Enroute/Info.plist;
				LD_RUNPATH_SEARCH_PATHS = (
					"$(inherited)",
					"@executable_path/Frameworks",
				);
				PRODUCT_BUNDLE_IDENTIFIER = com.nicefiction.Enroute;
				PRODUCT_NAME = "$(TARGET_NAME)";
				SWIFT_VERSION = 5.0;
				TARGETED_DEVICE_FAMILY = "1,2";
			};
			name = Debug;
		};
		09FB32FF24F7A861007D86D3 /* Release */ = {
			isa = XCBuildConfiguration;
			buildSettings = {
				ASSETCATALOG_COMPILER_APPICON_NAME = AppIcon;
				CODE_SIGN_STYLE = Automatic;
				DEVELOPMENT_ASSET_PATHS = "\"Enroute/Preview Content\"";
				DEVELOPMENT_TEAM = PKTBX2CYQK;
				ENABLE_PREVIEWS = YES;
				INFOPLIST_FILE = Enroute/Info.plist;
				LD_RUNPATH_SEARCH_PATHS = (
					"$(inherited)",
					"@executable_path/Frameworks",
				);
				PRODUCT_BUNDLE_IDENTIFIER = com.nicefiction.Enroute;
				PRODUCT_NAME = "$(TARGET_NAME)";
				SWIFT_VERSION = 5.0;
				TARGETED_DEVICE_FAMILY = "1,2";
			};
			name = Release;
		};
/* End XCBuildConfiguration section */

/* Begin XCConfigurationList section */
		09FB32E124F7A85C007D86D3 /* Build configuration list for PBXProject "Enroute" */ = {
			isa = XCConfigurationList;
			buildConfigurations = (
				09FB32FB24F7A861007D86D3 /* Debug */,
				09FB32FC24F7A861007D86D3 /* Release */,
			);
			defaultConfigurationIsVisible = 0;
			defaultConfigurationName = Release;
		};
		09FB32FD24F7A861007D86D3 /* Build configuration list for PBXNativeTarget "Enroute" */ = {
			isa = XCConfigurationList;
			buildConfigurations = (
				09FB32FE24F7A861007D86D3 /* Debug */,
				09FB32FF24F7A861007D86D3 /* Release */,
			);
			defaultConfigurationIsVisible = 0;
			defaultConfigurationName = Release;
		};
/* End XCConfigurationList section */

/* Begin XCVersionGroup section */
		09FB32ED24F7A85C007D86D3 /* Enroute.xcdatamodeld */ = {
			isa = XCVersionGroup;
			children = (
				09FB32EE24F7A85C007D86D3 /* Enroute.xcdatamodel */,
			);
			currentVersion = 09FB32EE24F7A85C007D86D3 /* Enroute.xcdatamodel */;
			path = Enroute.xcdatamodeld;
			sourceTree = "<group>";
			versionGroupType = wrapper.xcdatamodel;
		};
/* End XCVersionGroup section */
	};
	rootObject = 09FB32DE24F7A85C007D86D3 /* Project object */;
}
